
Microsoft Visual Studio Solution File, Format Version 12.00
# Visual Studio Version 17
VisualStudioVersion = 17.5.33326.253
MinimumVisualStudioVersion = 10.0.40219.1
Project("{9A19103F-16F7-4668-BE54-9A1E7A4F7556}") = "Taller.Razor", "Taller.Razor\Taller.Razor.csproj", "{A2BC78E3-5EE1-4044-A099-8FE57A7BA3D8}"
EndProject
Project("{9A19103F-16F7-4668-BE54-9A1E7A4F7556}") = "Taller.Domain", "Taller.Model\Taller.Domain.csproj", "{C893E2C9-0971-44F3-8EDF-8EA5F8079FBD}"
EndProject
Project("{9A19103F-16F7-4668-BE54-9A1E7A4F7556}") = "Taller.Application", "Taller.Application\Taller.Application.csproj", "{E8D9EABC-BE72-46C5-984F-B899F5E0B61E}"
EndProject
Project("{2150E333-8FDC-42A3-9474-1A3956D46DE8}") = "Solution Items", "Solution Items", "{22761120-7FEF-428C-9DCF-A4F007010EBE}"
	ProjectSection(SolutionItems) = preProject
		query.sql = query.sql
	EndProjectSection
EndProject
Global
	GlobalSection(SolutionConfigurationPlatforms) = preSolution
		Debug|Any CPU = Debug|Any CPU
		Release|Any CPU = Release|Any CPU
	EndGlobalSection
	GlobalSection(ProjectConfigurationPlatforms) = postSolution
		{A2BC78E3-5EE1-4044-A099-8FE57A7BA3D8}.Debug|Any CPU.ActiveCfg = Debug|Any CPU
		{A2BC78E3-5EE1-4044-A099-8FE57A7BA3D8}.Debug|Any CPU.Build.0 = Debug|Any CPU
		{A2BC78E3-5EE1-4044-A099-8FE57A7BA3D8}.Release|Any CPU.ActiveCfg = Release|Any CPU
		{A2BC78E3-5EE1-4044-A099-8FE57A7BA3D8}.Release|Any CPU.Build.0 = Release|Any CPU
		{C893E2C9-0971-44F3-8EDF-8EA5F8079FBD}.Debug|Any CPU.ActiveCfg = Debug|Any CPU
		{C893E2C9-0971-44F3-8EDF-8EA5F8079FBD}.Debug|Any CPU.Build.0 = Debug|Any CPU
		{C893E2C9-0971-44F3-8EDF-8EA5F8079FBD}.Release|Any CPU.ActiveCfg = Release|Any CPU
		{C893E2C9-0971-44F3-8EDF-8EA5F8079FBD}.Release|Any CPU.Build.0 = Release|Any CPU
		{E8D9EABC-BE72-46C5-984F-B899F5E0B61E}.Debug|Any CPU.ActiveCfg = Debug|Any CPU
		{E8D9EABC-BE72-46C5-984F-B899F5E0B61E}.Debug|Any CPU.Build.0 = Debug|Any CPU
		{E8D9EABC-BE72-46C5-984F-B899F5E0B61E}.Release|Any CPU.ActiveCfg = Release|Any CPU
		{E8D9EABC-BE72-46C5-984F-B899F5E0B61E}.Release|Any CPU.Build.0 = Release|Any CPU
	EndGlobalSection
	GlobalSection(SolutionProperties) = preSolution
		HideSolutionNode = FALSE
	EndGlobalSection
	GlobalSection(ExtensibilityGlobals) = postSolution
		SolutionGuid = {B73D38C3-F548-4942-BC35-EBFE51952A79}
	EndGlobalSection
EndGlobal
